
Microsoft Visual Studio Solution File, Format Version 12.00
# Visual Studio Version 17
VisualStudioVersion = 17.8.34330.188
MinimumVisualStudioVersion = 10.0.40219.1
Project("{9A19103F-16F7-4668-BE54-9A1E7A4F7556}") = "ShoppingListApp", "ShoppingListApp.csproj", "{EB07EFDA-9411-40FB-9D65-4C347E3194DC}"
EndProject
Global
	GlobalSection(SolutionConfigurationPlatforms) = preSolution
		Debug|Any CPU = Debug|Any CPU
		Release|Any CPU = Release|Any CPU
	EndGlobalSection
	GlobalSection(ProjectConfigurationPlatforms) = postSolution
		{EB07EFDA-9411-40FB-9D65-4C347E3194DC}.Debug|Any CPU.ActiveCfg = Debug|Any CPU
		{EB07EFDA-9411-40FB-9D65-4C347E3194DC}.Debug|Any CPU.Build.0 = Debug|Any CPU
		{EB07EFDA-9411-40FB-9D65-4C347E3194DC}.Release|Any CPU.ActiveCfg = Release|Any CPU
		{EB07EFDA-9411-40FB-9D65-4C347E3194DC}.Release|Any CPU.Build.0 = Release|Any CPU
	EndGlobalSection
	GlobalSection(SolutionProperties) = preSolution
		HideSolutionNode = FALSE
	EndGlobalSection
	GlobalSection(ExtensibilityGlobals) = postSolution
		SolutionGuid = {5741B511-5D54-41AD-9A03-DC71469E2B70}
	EndGlobalSection
EndGlobal
